
Microsoft Visual Studio Solution File, Format Version 12.00
# Visual Studio Version 16
VisualStudioVersion = 16.0.30717.126
MinimumVisualStudioVersion = 10.0.40219.1
Project("{FAE04EC0-301F-11D3-BF4B-00C04F79EFBC}") = "EcoClean", "EcoClean\EcoClean.csproj", "{7A158C2E-3093-4B39-A930-061C610C787B}"
EndProject
Global
	GlobalSection(SolutionConfigurationPlatforms) = preSolution
		Debug|Any CPU = Debug|Any CPU
		Release|Any CPU = Release|Any CPU
	EndGlobalSection
	GlobalSection(ProjectConfigurationPlatforms) = postSolution
		{7A158C2E-3093-4B39-A930-061C610C787B}.Debug|Any CPU.ActiveCfg = Debug|Any CPU
		{7A158C2E-3093-4B39-A930-061C610C787B}.Debug|Any CPU.Build.0 = Debug|Any CPU
		{7A158C2E-3093-4B39-A930-061C610C787B}.Release|Any CPU.ActiveCfg = Release|Any CPU
		{7A158C2E-3093-4B39-A930-061C610C787B}.Release|Any CPU.Build.0 = Release|Any CPU
	EndGlobalSection
	GlobalSection(SolutionProperties) = preSolution
		HideSolutionNode = FALSE
	EndGlobalSection
	GlobalSection(ExtensibilityGlobals) = postSolution
		SolutionGuid = {C0287833-5DD0-4DB8-A7B9-3047F51B3411}
	EndGlobalSection
EndGlobal
